PODS:
  - ANTabBarController (0.2.0)

DEPENDENCIES:
  - ANTabBarController (from `../`)

EXTERNAL SOURCES:
  ANTabBarController:
    :path: "../"

SPEC CHECKSUMS:
  ANTabBarController: d8e1ff058c4c6c3e8795007765c3a197716a05ff

PODFILE CHECKSUM: b1feba011ec11256788b67e3d58023d59aef5edb

COCOAPODS: 1.10.0
